// !$*UTF8*$!
{
	archiveVersion = 1;
	classes = {
	};
	objectVersion = 44;
	objects = {

/* Begin PBXBuildFile section */
		0091D8F90E81B9330029341E /* OpenGL.framework in Frameworks */ = {isa = PBXBuildFile; fileRef = 0091D8F80E81B9330029341E /* OpenGL.framework */; };
		0097E3E50F3E9819005A4392 /* QuickTime.framework in Frameworks */ = {isa = PBXBuildFile; fileRef = 0097E3E40F3E9819005A4392 /* QuickTime.framework */; };
		00B784B30FF439BC000DE1D7 /* Accelerate.framework in Frameworks */ = {isa = PBXBuildFile; fileRef = 00B784AF0FF439BC000DE1D7 /* Accelerate.framework */; };
		00B784B40FF439BC000DE1D7 /* AudioToolbox.framework in Frameworks */ = {isa = PBXBuildFile; fileRef = 00B784B00FF439BC000DE1D7 /* AudioToolbox.framework */; };
		00B784B50FF439BC000DE1D7 /* AudioUnit.framework in Frameworks */ = {isa = PBXBuildFile; fileRef = 00B784B10FF439BC000DE1D7 /* AudioUnit.framework */; };
		00B784B60FF439BC000DE1D7 /* CoreAudio.framework in Frameworks */ = {isa = PBXBuildFile; fileRef = 00B784B20FF439BC000DE1D7 /* CoreAudio.framework */; };
		00CCAF15116A9FEE008396D5 /* CinderApp.icns in Resources */ = {isa = PBXBuildFile; fileRef = 00CCAF14116A9FEE008396D5 /* CinderApp.icns */; };
		5323E6B20EAFCA74003A9687 /* CoreVideo.framework in Frameworks */ = {isa = PBXBuildFile; fileRef = 5323E6B10EAFCA74003A9687 /* CoreVideo.framework */; };
		5323E6B60EAFCA7E003A9687 /* QTKit.framework in Frameworks */ = {isa = PBXBuildFile; fileRef = 5323E6B50EAFCA7E003A9687 /* QTKit.framework */; };
		53E3CDFC0E86099300238D2B /* Carbon.framework in Frameworks */ = {isa = PBXBuildFile; fileRef = 53E3CDFB0E86099300238D2B /* Carbon.framework */; };
		71267D4116D0D5A900588CE1 /* AppCore.cpp in Sources */ = {isa = PBXBuildFile; fileRef = 71267D3C16D0D5A900588CE1 /* AppCore.cpp */; };
		71267D4216D0D5A900588CE1 /* desktopApp.cpp in Sources */ = {isa = PBXBuildFile; fileRef = 71267D3E16D0D5A900588CE1 /* desktopApp.cpp */; };
		71267D4316D0D5A900588CE1 /* MetaApp.cpp in Sources */ = {isa = PBXBuildFile; fileRef = 71267D3F16D0D5A900588CE1 /* MetaApp.cpp */; };
		71267D5616D0D5BD00588CE1 /* gzstream.cpp in Sources */ = {isa = PBXBuildFile; fileRef = 71267D4F16D0D5BD00588CE1 /* gzstream.cpp */; };
		71267D5816D0D5BD00588CE1 /* MeshFuDrawableMesh.cpp in Sources */ = {isa = PBXBuildFile; fileRef = 71267D5116D0D5BD00588CE1 /* MeshFuDrawableMesh.cpp */; };
		71267D5916D0D5BD00588CE1 /* MeshFuGeometry.cpp in Sources */ = {isa = PBXBuildFile; fileRef = 71267D5216D0D5BD00588CE1 /* MeshFuGeometry.cpp */; };
		71267D5A16D0D5BD00588CE1 /* MeshFuRiggedGeometry.cpp in Sources */ = {isa = PBXBuildFile; fileRef = 71267D5316D0D5BD00588CE1 /* MeshFuRiggedGeometry.cpp */; };
		71267D5B16D0D5BD00588CE1 /* MeshFuNode.cpp in Sources */ = {isa = PBXBuildFile; fileRef = 71267D5416D0D5BD00588CE1 /* MeshFuNode.cpp */; };
		71267D5C16D0D5BD00588CE1 /* MeshFuUtil.cpp in Sources */ = {isa = PBXBuildFile; fileRef = 71267D5516D0D5BD00588CE1 /* MeshFuUtil.cpp */; };
		71267D6E16D0D64000588CE1 /* assets in Resources */ = {isa = PBXBuildFile; fileRef = 71267D6D16D0D64000588CE1 /* assets */; };
		71267D7116D0D65400588CE1 /* skinMorph.fsh in Sources */ = {isa = PBXBuildFile; fileRef = 71267D6F16D0D65400588CE1 /* skinMorph.fsh */; };
		71267D7216D0D65400588CE1 /* skinMorph.vsh in Sources */ = {isa = PBXBuildFile; fileRef = 71267D7016D0D65400588CE1 /* skinMorph.vsh */; };
		71267D7316D0D66600588CE1 /* skinMorph.fsh in Resources */ = {isa = PBXBuildFile; fileRef = 71267D6F16D0D65400588CE1 /* skinMorph.fsh */; };
		71267D7416D0D66600588CE1 /* skinMorph.vsh in Resources */ = {isa = PBXBuildFile; fileRef = 71267D7016D0D65400588CE1 /* skinMorph.vsh */; };
		8D11072F0486CEB800E47090 /* Cocoa.framework in Frameworks */ = {isa = PBXBuildFile; fileRef = 1058C7A1FEA54F0111CA2CBB /* Cocoa.framework */; };
/* End PBXBuildFile section */

/* Begin PBXFileReference section */
		0091D8F80E81B9330029341E /* OpenGL.framework */ = {isa = PBXFileReference; lastKnownFileType = wrapper.framework; name = OpenGL.framework; path = /System/Library/Frameworks/OpenGL.framework; sourceTree = "<absolute>"; };
		0097E3E40F3E9819005A4392 /* QuickTime.framework */ = {isa = PBXFileReference; lastKnownFileType = wrapper.framework; name = QuickTime.framework; path = /System/Library/Frameworks/QuickTime.framework; sourceTree = "<absolute>"; };
		00B784AF0FF439BC000DE1D7 /* Accelerate.framework */ = {isa = PBXFileReference; lastKnownFileType = wrapper.framework; name = Accelerate.framework; path = System/Library/Frameworks/Accelerate.framework; sourceTree = SDKROOT; };
		00B784B00FF439BC000DE1D7 /* AudioToolbox.framework */ = {isa = PBXFileReference; lastKnownFileType = wrapper.framework; name = AudioToolbox.framework; path = System/Library/Frameworks/AudioToolbox.framework; sourceTree = SDKROOT; };
		00B784B10FF439BC000DE1D7 /* AudioUnit.framework */ = {isa = PBXFileReference; lastKnownFileType = wrapper.framework; name = AudioUnit.framework; path = System/Library/Frameworks/AudioUnit.framework; sourceTree = SDKROOT; };
		00B784B20FF439BC000DE1D7 /* CoreAudio.framework */ = {isa = PBXFileReference; lastKnownFileType = wrapper.framework; name = CoreAudio.framework; path = System/Library/Frameworks/CoreAudio.framework; sourceTree = SDKROOT; };
		00CCAF14116A9FEE008396D5 /* CinderApp.icns */ = {isa = PBXFileReference; lastKnownFileType = image.icns; name = CinderApp.icns; path = ../resources/CinderApp.icns; sourceTree = SOURCE_ROOT; };
		1058C7A1FEA54F0111CA2CBB /* Cocoa.framework */ = {isa = PBXFileReference; lastKnownFileType = wrapper.framework; name = Cocoa.framework; path = /System/Library/Frameworks/Cocoa.framework; sourceTree = "<absolute>"; };
		13E42FB307B3F0F600E4EEF1 /* CoreData.framework */ = {isa = PBXFileReference; lastKnownFileType = wrapper.framework; name = CoreData.framework; path = /System/Library/Frameworks/CoreData.framework; sourceTree = "<absolute>"; };
		29B97324FDCFA39411CA2CEA /* AppKit.framework */ = {isa = PBXFileReference; lastKnownFileType = wrapper.framework; name = AppKit.framework; path = /System/Library/Frameworks/AppKit.framework; sourceTree = "<absolute>"; };
		29B97325FDCFA39411CA2CEA /* Foundation.framework */ = {isa = PBXFileReference; lastKnownFileType = wrapper.framework; name = Foundation.framework; path = /System/Library/Frameworks/Foundation.framework; sourceTree = "<absolute>"; };
		32CA4F630368D1EE00C91783 /* meshFuDesktopAppExample_Prefix.pch */ = {isa = PBXFileReference; fileEncoding = 4; lastKnownFileType = sourcecode.c.h; path = meshFuDesktopAppExample_Prefix.pch; sourceTree = "<group>"; };
		5323E6B10EAFCA74003A9687 /* CoreVideo.framework */ = {isa = PBXFileReference; lastKnownFileType = wrapper.framework; name = CoreVideo.framework; path = /System/Library/Frameworks/CoreVideo.framework; sourceTree = "<absolute>"; };
		5323E6B50EAFCA7E003A9687 /* QTKit.framework */ = {isa = PBXFileReference; lastKnownFileType = wrapper.framework; name = QTKit.framework; path = /System/Library/Frameworks/QTKit.framework; sourceTree = "<absolute>"; };
		53E3CDFB0E86099300238D2B /* Carbon.framework */ = {isa = PBXFileReference; lastKnownFileType = wrapper.framework; name = Carbon.framework; path = /System/Library/Frameworks/Carbon.framework; sourceTree = "<absolute>"; };
		71267D3C16D0D5A900588CE1 /* AppCore.cpp */ = {isa = PBXFileReference; fileEncoding = 4; lastKnownFileType = sourcecode.cpp.cpp; name = AppCore.cpp; path = ../../src/AppCore.cpp; sourceTree = SOURCE_ROOT; };
		71267D3D16D0D5A900588CE1 /* AppCore.h */ = {isa = PBXFileReference; fileEncoding = 4; lastKnownFileType = sourcecode.c.h; name = AppCore.h; path = ../../src/AppCore.h; sourceTree = SOURCE_ROOT; };
		71267D3E16D0D5A900588CE1 /* desktopApp.cpp */ = {isa = PBXFileReference; fileEncoding = 4; lastKnownFileType = sourcecode.cpp.cpp; name = desktopApp.cpp; path = ../../src/desktopApp.cpp; sourceTree = SOURCE_ROOT; };
		71267D3F16D0D5A900588CE1 /* MetaApp.cpp */ = {isa = PBXFileReference; fileEncoding = 4; lastKnownFileType = sourcecode.cpp.cpp; name = MetaApp.cpp; path = ../../src/MetaApp.cpp; sourceTree = SOURCE_ROOT; };
		71267D4016D0D5A900588CE1 /* MetaApp.h */ = {isa = PBXFileReference; fileEncoding = 4; lastKnownFileType = sourcecode.c.h; name = MetaApp.h; path = ../../src/MetaApp.h; sourceTree = SOURCE_ROOT; };
		71267D4716D0D5BD00588CE1 /* gzstream.h */ = {isa = PBXFileReference; fileEncoding = 4; lastKnownFileType = sourcecode.c.h; name = gzstream.h; path = ../../blocks/MeshFu/include/gzstream.h; sourceTree = SOURCE_ROOT; };
		71267D4916D0D5BD00588CE1 /* MeshFuDrawableMesh.h */ = {isa = PBXFileReference; fileEncoding = 4; lastKnownFileType = sourcecode.c.h; name = MeshFuDrawableMesh.h; path = ../../blocks/MeshFu/include/MeshFuDrawableMesh.h; sourceTree = SOURCE_ROOT; };
		71267D4A16D0D5BD00588CE1 /* MeshFuGeometry.h */ = {isa = PBXFileReference; fileEncoding = 4; lastKnownFileType = sourcecode.c.h; name = MeshFuGeometry.h; path = ../../blocks/MeshFu/include/MeshFuGeometry.h; sourceTree = SOURCE_ROOT; };
		71267D4B16D0D5BD00588CE1 /* MeshFuRiggedGeometry.h */ = {isa = PBXFileReference; fileEncoding = 4; lastKnownFileType = sourcecode.c.h; name = MeshFuRiggedGeometry.h; path = ../../blocks/MeshFu/include/MeshFuRiggedGeometry.h; sourceTree = SOURCE_ROOT; };
		71267D4C16D0D5BD00588CE1 /* MeshFuNode.h */ = {isa = PBXFileReference; fileEncoding = 4; lastKnownFileType = sourcecode.c.h; name = MeshFuNode.h; path = ../../blocks/MeshFu/include/MeshFuNode.h; sourceTree = SOURCE_ROOT; };
		71267D4D16D0D5BD00588CE1 /* MeshFuUtil.h */ = {isa = PBXFileReference; fileEncoding = 4; lastKnownFileType = sourcecode.c.h; name = MeshFuUtil.h; path = ../../blocks/MeshFu/include/MeshFuUtil.h; sourceTree = SOURCE_ROOT; };
		71267D4F16D0D5BD00588CE1 /* gzstream.cpp */ = {isa = PBXFileReference; fileEncoding = 4; lastKnownFileType = sourcecode.cpp.cpp; name = gzstream.cpp; path = ../../blocks/MeshFu/src/gzstream.cpp; sourceTree = SOURCE_ROOT; };
		71267D5116D0D5BD00588CE1 /* MeshFuDrawableMesh.cpp */ = {isa = PBXFileReference; fileEncoding = 4; lastKnownFileType = sourcecode.cpp.cpp; name = MeshFuDrawableMesh.cpp; path = ../../blocks/MeshFu/src/MeshFuDrawableMesh.cpp; sourceTree = SOURCE_ROOT; };
		71267D5216D0D5BD00588CE1 /* MeshFuGeometry.cpp */ = {isa = PBXFileReference; fileEncoding = 4; lastKnownFileType = sourcecode.cpp.cpp; name = MeshFuGeometry.cpp; path = ../../blocks/MeshFu/src/MeshFuGeometry.cpp; sourceTree = SOURCE_ROOT; };
		71267D5316D0D5BD00588CE1 /* MeshFuRiggedGeometry.cpp */ = {isa = PBXFileReference; fileEncoding = 4; lastKnownFileType = sourcecode.cpp.cpp; name = MeshFuRiggedGeometry.cpp; path = ../../blocks/MeshFu/src/MeshFuRiggedGeometry.cpp; sourceTree = SOURCE_ROOT; };
		71267D5416D0D5BD00588CE1 /* MeshFuNode.cpp */ = {isa = PBXFileReference; fileEncoding = 4; lastKnownFileType = sourcecode.cpp.cpp; name = MeshFuNode.cpp; path = ../../blocks/MeshFu/src/MeshFuNode.cpp; sourceTree = SOURCE_ROOT; };
		71267D5516D0D5BD00588CE1 /* MeshFuUtil.cpp */ = {isa = PBXFileReference; fileEncoding = 4; lastKnownFileType = sourcecode.cpp.cpp; name = MeshFuUtil.cpp; path = ../../blocks/MeshFu/src/MeshFuUtil.cpp; sourceTree = SOURCE_ROOT; };
		71267D6D16D0D64000588CE1 /* assets */ = {isa = PBXFileReference; lastKnownFileType = folder; name = assets; path = ../../src/assets; sourceTree = SOURCE_ROOT; };
		71267D6F16D0D65400588CE1 /* skinMorph.fsh */ = {isa = PBXFileReference; fileEncoding = 4; lastKnownFileType = sourcecode.glsl; name = skinMorph.fsh; path = ../../src/skinMorph.fsh; sourceTree = "<group>"; };
		71267D7016D0D65400588CE1 /* skinMorph.vsh */ = {isa = PBXFileReference; fileEncoding = 4; lastKnownFileType = sourcecode.glsl; name = skinMorph.vsh; path = ../../src/skinMorph.vsh; sourceTree = "<group>"; };
		8D1107310486CEB800E47090 /* Info.plist */ = {isa = PBXFileReference; fileEncoding = 4; lastKnownFileType = text.plist.xml; path = Info.plist; sourceTree = "<group>"; };
		8D1107320486CEB800E47090 /* meshFuDesktopAppExample.app */ = {isa = PBXFileReference; explicitFileType = wrapper.application; includeInIndex = 0; path = meshFuDesktopAppExample.app; sourceTree = BUILT_PRODUCTS_DIR; };
/* End PBXFileReference section */

/* Begin PBXFrameworksBuildPhase section */
		8D11072E0486CEB800E47090 /* Frameworks */ = {
			isa = PBXFrameworksBuildPhase;
			buildActionMask = 2147483647;
			files = (
				8D11072F0486CEB800E47090 /* Cocoa.framework in Frameworks */,
				0091D8F90E81B9330029341E /* OpenGL.framework in Frameworks */,
				53E3CDFC0E86099300238D2B /* Carbon.framework in Frameworks */,
				5323E6B20EAFCA74003A9687 /* CoreVideo.framework in Frameworks */,
				5323E6B60EAFCA7E003A9687 /* QTKit.framework in Frameworks */,
				0097E3E50F3E9819005A4392 /* QuickTime.framework in Frameworks */,
				00B784B30FF439BC000DE1D7 /* Accelerate.framework in Frameworks */,
				00B784B40FF439BC000DE1D7 /* AudioToolbox.framework in Frameworks */,
				00B784B50FF439BC000DE1D7 /* AudioUnit.framework in Frameworks */,
				00B784B60FF439BC000DE1D7 /* CoreAudio.framework in Frameworks */,
			);
			runOnlyForDeploymentPostprocessing = 0;
		};
/* End PBXFrameworksBuildPhase section */

/* Begin PBXGroup section */
		080E96DDFE201D6D7F000001 /* Source */ = {
			isa = PBXGroup;
			children = (
				71267D4416D0D5BD00588CE1 /* blocks */,
				71267D3C16D0D5A900588CE1 /* AppCore.cpp */,
				71267D3D16D0D5A900588CE1 /* AppCore.h */,
				71267D3E16D0D5A900588CE1 /* desktopApp.cpp */,
				71267D3F16D0D5A900588CE1 /* MetaApp.cpp */,
				71267D4016D0D5A900588CE1 /* MetaApp.h */,
			);
			name = Source;
			sourceTree = "<group>";
		};
		1058C7A0FEA54F0111CA2CBB /* Linked Frameworks */ = {
			isa = PBXGroup;
			children = (
				00B784AF0FF439BC000DE1D7 /* Accelerate.framework */,
				00B784B00FF439BC000DE1D7 /* AudioToolbox.framework */,
				00B784B10FF439BC000DE1D7 /* AudioUnit.framework */,
				00B784B20FF439BC000DE1D7 /* CoreAudio.framework */,
				0097E3E40F3E9819005A4392 /* QuickTime.framework */,
				5323E6B50EAFCA7E003A9687 /* QTKit.framework */,
				5323E6B10EAFCA74003A9687 /* CoreVideo.framework */,
				53E3CDFB0E86099300238D2B /* Carbon.framework */,
				0091D8F80E81B9330029341E /* OpenGL.framework */,
				1058C7A1FEA54F0111CA2CBB /* Cocoa.framework */,
			);
			name = "Linked Frameworks";
			sourceTree = "<group>";
		};
		1058C7A2FEA54F0111CA2CBB /* Other Frameworks */ = {
			isa = PBXGroup;
			children = (
				29B97324FDCFA39411CA2CEA /* AppKit.framework */,
				13E42FB307B3F0F600E4EEF1 /* CoreData.framework */,
				29B97325FDCFA39411CA2CEA /* Foundation.framework */,
			);
			name = "Other Frameworks";
			sourceTree = "<group>";
		};
		19C28FACFE9D520D11CA2CBB /* Products */ = {
			isa = PBXGroup;
			children = (
				8D1107320486CEB800E47090 /* meshFuDesktopAppExample.app */,
			);
			name = Products;
			sourceTree = "<group>";
		};
		29B97314FDCFA39411CA2CEA /* meshFuDesktopAppExample */ = {
			isa = PBXGroup;
			children = (
				29B97315FDCFA39411CA2CEA /* Headers */,
				080E96DDFE201D6D7F000001 /* Source */,
				29B97317FDCFA39411CA2CEA /* Resources */,
				29B97323FDCFA39411CA2CEA /* Frameworks */,
				19C28FACFE9D520D11CA2CBB /* Products */,
			);
			name = meshFuDesktopAppExample;
			sourceTree = "<group>";
		};
		29B97315FDCFA39411CA2CEA /* Headers */ = {
			isa = PBXGroup;
			children = (
				32CA4F630368D1EE00C91783 /* meshFuDesktopAppExample_Prefix.pch */,
			);
			name = Headers;
			sourceTree = "<group>";
		};
		29B97317FDCFA39411CA2CEA /* Resources */ = {
			isa = PBXGroup;
			children = (
				71267D6F16D0D65400588CE1 /* skinMorph.fsh */,
				71267D7016D0D65400588CE1 /* skinMorph.vsh */,
				71267D6D16D0D64000588CE1 /* assets */,
				8D1107310486CEB800E47090 /* Info.plist */,
				00CCAF14116A9FEE008396D5 /* CinderApp.icns */,
			);
			name = Resources;
			sourceTree = "<group>";
		};
		29B97323FDCFA39411CA2CEA /* Frameworks */ = {
			isa = PBXGroup;
			children = (
				1058C7A0FEA54F0111CA2CBB /* Linked Frameworks */,
				1058C7A2FEA54F0111CA2CBB /* Other Frameworks */,
			);
			name = Frameworks;
			sourceTree = "<group>";
		};
		71267D4416D0D5BD00588CE1 /* blocks */ = {
			isa = PBXGroup;
			children = (
				71267D4516D0D5BD00588CE1 /* MeshFu */,
			);
			name = blocks;
			path = ../../blocks;
			sourceTree = SOURCE_ROOT;
		};
		71267D4516D0D5BD00588CE1 /* MeshFu */ = {
			isa = PBXGroup;
			children = (
				71267D4616D0D5BD00588CE1 /* include */,
				71267D4E16D0D5BD00588CE1 /* src */,
			);
			path = MeshFu;
			sourceTree = "<group>";
		};
		71267D4616D0D5BD00588CE1 /* include */ = {
			isa = PBXGroup;
			children = (
				71267D4716D0D5BD00588CE1 /* gzstream.h */,
				71267D4916D0D5BD00588CE1 /* MeshFuDrawableMesh.h */,
				71267D4A16D0D5BD00588CE1 /* MeshFuGeometry.h */,
				71267D4B16D0D5BD00588CE1 /* MeshFuRiggedGeometry.h */,
				71267D4C16D0D5BD00588CE1 /* MeshFuNode.h */,
				71267D4D16D0D5BD00588CE1 /* MeshFuUtil.h */,
			);
			path = include;
			sourceTree = "<group>";
		};
		71267D4E16D0D5BD00588CE1 /* src */ = {
			isa = PBXGroup;
			children = (
				71267D4F16D0D5BD00588CE1 /* gzstream.cpp */,
				71267D5116D0D5BD00588CE1 /* MeshFuDrawableMesh.cpp */,
				71267D5216D0D5BD00588CE1 /* MeshFuGeometry.cpp */,
				71267D5316D0D5BD00588CE1 /* MeshFuRiggedGeometry.cpp */,
				71267D5416D0D5BD00588CE1 /* MeshFuNode.cpp */,
				71267D5516D0D5BD00588CE1 /* MeshFuUtil.cpp */,
			);
			path = src;
			sourceTree = "<group>";
		};
/* End PBXGroup section */

/* Begin PBXNativeTarget section */
		8D1107260486CEB800E47090 /* meshFuDesktopAppExample */ = {
			isa = PBXNativeTarget;
			buildConfigurationList = C01FCF4A08A954540054247B /* Build configuration list for PBXNativeTarget "meshFuDesktopAppExample" */;
			buildPhases = (
				8D1107290486CEB800E47090 /* Resources */,
				8D11072C0486CEB800E47090 /* Sources */,
				8D11072E0486CEB800E47090 /* Frameworks */,
			);
			buildRules = (
			);
			dependencies = (
			);
			name = meshFuDesktopAppExample;
			productInstallPath = "$(HOME)/Applications";
			productName = meshFuDesktopAppExample;
			productReference = 8D1107320486CEB800E47090 /* meshFuDesktopAppExample.app */;
			productType = "com.apple.product-type.application";
		};
/* End PBXNativeTarget section */

/* Begin PBXProject section */
		29B97313FDCFA39411CA2CEA /* Project object */ = {
			isa = PBXProject;
			buildConfigurationList = C01FCF4E08A954540054247B /* Build configuration list for PBXProject "meshFuDesktopAppExample" */;
			compatibilityVersion = "Xcode 3.0";
			developmentRegion = English;
			hasScannedForEncodings = 1;
			knownRegions = (
				en,
			);
			mainGroup = 29B97314FDCFA39411CA2CEA /* meshFuDesktopAppExample */;
			projectDirPath = "";
			projectRoot = "";
			targets = (
				8D1107260486CEB800E47090 /* meshFuDesktopAppExample */,
			);
		};
/* End PBXProject section */

/* Begin PBXResourcesBuildPhase section */
		8D1107290486CEB800E47090 /* Resources */ = {
			isa = PBXResourcesBuildPhase;
			buildActionMask = 2147483647;
			files = (
				71267D7316D0D66600588CE1 /* skinMorph.fsh in Resources */,
				71267D7416D0D66600588CE1 /* skinMorph.vsh in Resources */,
				00CCAF15116A9FEE008396D5 /* CinderApp.icns in Resources */,
				71267D6E16D0D64000588CE1 /* assets in Resources */,
			);
			runOnlyForDeploymentPostprocessing = 0;
		};
/* End PBXResourcesBuildPhase section */

/* Begin PBXSourcesBuildPhase section */
		8D11072C0486CEB800E47090 /* Sources */ = {
			isa = PBXSourcesBuildPhase;
			buildActionMask = 2147483647;
			files = (
				71267D4116D0D5A900588CE1 /* AppCore.cpp in Sources */,
				71267D4216D0D5A900588CE1 /* desktopApp.cpp in Sources */,
				71267D4316D0D5A900588CE1 /* MetaApp.cpp in Sources */,
				71267D5616D0D5BD00588CE1 /* gzstream.cpp in Sources */,
				71267D5816D0D5BD00588CE1 /* MeshFuDrawableMesh.cpp in Sources */,
				71267D5916D0D5BD00588CE1 /* MeshFuGeometry.cpp in Sources */,
				71267D5A16D0D5BD00588CE1 /* MeshFuRiggedGeometry.cpp in Sources */,
				71267D5B16D0D5BD00588CE1 /* MeshFuNode.cpp in Sources */,
				71267D5C16D0D5BD00588CE1 /* MeshFuUtil.cpp in Sources */,
				71267D7116D0D65400588CE1 /* skinMorph.fsh in Sources */,
				71267D7216D0D65400588CE1 /* skinMorph.vsh in Sources */,
			);
			runOnlyForDeploymentPostprocessing = 0;
		};
/* End PBXSourcesBuildPhase section */

/* Begin XCBuildConfiguration section */
		C01FCF4B08A954540054247B /* Debug */ = {
			isa = XCBuildConfiguration;
			buildSettings = {
				COPY_PHASE_STRIP = NO;
				GCC_DYNAMIC_NO_PIC = NO;
				GCC_ENABLE_FIX_AND_CONTINUE = YES;
				GCC_INLINES_ARE_PRIVATE_EXTERN = YES;
				GCC_MODEL_TUNING = G5;
				GCC_OPTIMIZATION_LEVEL = 0;
				GCC_PRECOMPILE_PREFIX_HEADER = YES;
				GCC_PREFIX_HEADER = meshFuDesktopAppExample_Prefix.pch;
				GCC_SYMBOLS_PRIVATE_EXTERN = NO;
				INFOPLIST_FILE = Info.plist;
				INSTALL_PATH = "$(HOME)/Applications";
				OTHER_LDFLAGS = "\"$(CINDER_PATH)/lib/libcinder_d.a\"";
				PRODUCT_NAME = meshFuDesktopAppExample;
				WRAPPER_EXTENSION = app;
			};
			name = Debug;
		};
		C01FCF4C08A954540054247B /* Release */ = {
			isa = XCBuildConfiguration;
			buildSettings = {
				DEAD_CODE_STRIPPING = YES;
				DEBUG_INFORMATION_FORMAT = "dwarf-with-dsym";
				GCC_FAST_MATH = YES;
				GCC_GENERATE_DEBUGGING_SYMBOLS = NO;
				GCC_INLINES_ARE_PRIVATE_EXTERN = YES;
				GCC_MODEL_TUNING = G5;
				GCC_OPTIMIZATION_LEVEL = 3;
				GCC_PRECOMPILE_PREFIX_HEADER = YES;
				GCC_PREFIX_HEADER = meshFuDesktopAppExample_Prefix.pch;
				GCC_SYMBOLS_PRIVATE_EXTERN = NO;
				INFOPLIST_FILE = Info.plist;
				INSTALL_PATH = "$(HOME)/Applications";
				OTHER_LDFLAGS = "\"$(CINDER_PATH)/lib/libcinder.a\"";
				PRODUCT_NAME = meshFuDesktopAppExample;
				STRIP_INSTALLED_PRODUCT = YES;
				WRAPPER_EXTENSION = app;
			};
			name = Release;
		};
		C01FCF4F08A954540054247B /* Debug */ = {
			isa = XCBuildConfiguration;
			buildSettings = {
				ALWAYS_SEARCH_USER_PATHS = NO;
				ARCHS = i386;
				CINDER_PATH = "";
				GCC_WARN_ABOUT_RETURN_TYPE = YES;
				GCC_WARN_UNUSED_VARIABLE = YES;
				HEADER_SEARCH_PATHS = "\"$(CINDER_PATH)/boost\"";
				MACOSX_DEPLOYMENT_TARGET = 10.5;
				PREBINDING = NO;
				SDKROOT = macosx;
				USER_HEADER_SEARCH_PATHS = "\"$(CINDER_PATH)/include\" ../include";
			};
			name = Debug;
		};
		C01FCF5008A954540054247B /* Release */ = {
			isa = XCBuildConfiguration;
			buildSettings = {
				ALWAYS_SEARCH_USER_PATHS = NO;
				ARCHS = i386;
				CINDER_PATH = "";
				GCC_WARN_ABOUT_RETURN_TYPE = YES;
				GCC_WARN_UNUSED_VARIABLE = YES;
				HEADER_SEARCH_PATHS = "\"$(CINDER_PATH)/boost\"";
				MACOSX_DEPLOYMENT_TARGET = 10.5;
				PREBINDING = NO;
				SDKROOT = macosx;
				USER_HEADER_SEARCH_PATHS = "\"$(CINDER_PATH)/include\" ../include";
			};
			name = Release;
		};
/* End XCBuildConfiguration section */

/* Begin XCConfigurationList section */
		C01FCF4A08A954540054247B /* Build configuration list for PBXNativeTarget "meshFuDesktopAppExample" */ = {
			isa = XCConfigurationList;
			buildConfigurations = (
				C01FCF4B08A954540054247B /* Debug */,
				C01FCF4C08A954540054247B /* Release */,
			);
			defaultConfigurationIsVisible = 0;
			defaultConfigurationName = Release;
		};
		C01FCF4E08A954540054247B /* Build configuration list for PBXProject "meshFuDesktopAppExample" */ = {
			isa = XCConfigurationList;
			buildConfigurations = (
				C01FCF4F08A954540054247B /* Debug */,
				C01FCF5008A954540054247B /* Release */,
			);
			defaultConfigurationIsVisible = 0;
			defaultConfigurationName = Release;
		};
/* End XCConfigurationList section */
	};
	rootObject = 29B97313FDCFA39411CA2CEA /* Project object */;
}
